
Microsoft Visual Studio Solution File, Format Version 12.00
# Visual Studio Version 17
VisualStudioVersion = 17.5.002.0
MinimumVisualStudioVersion = 10.0.40219.1
Project("{9A19103F-16F7-4668-BE54-9A1E7A4F7556}") = "foglietta.alice.5i.FORM dotnetMVC", "foglietta.alice.5i.FORM dotnetMVC.csproj", "{D8576F96-D88C-4AD0-9BB7-033F6C91B3FC}"
EndProject
Global
	GlobalSection(SolutionConfigurationPlatforms) = preSolution
		Debug|Any CPU = Debug|Any CPU
		Release|Any CPU = Release|Any CPU
	EndGlobalSection
	GlobalSection(ProjectConfigurationPlatforms) = postSolution
		{D8576F96-D88C-4AD0-9BB7-033F6C91B3FC}.Debug|Any CPU.ActiveCfg = Debug|Any CPU
		{D8576F96-D88C-4AD0-9BB7-033F6C91B3FC}.Debug|Any CPU.Build.0 = Debug|Any CPU
		{D8576F96-D88C-4AD0-9BB7-033F6C91B3FC}.Release|Any CPU.ActiveCfg = Release|Any CPU
		{D8576F96-D88C-4AD0-9BB7-033F6C91B3FC}.Release|Any CPU.Build.0 = Release|Any CPU
	EndGlobalSection
	GlobalSection(SolutionProperties) = preSolution
		HideSolutionNode = FALSE
	EndGlobalSection
	GlobalSection(ExtensibilityGlobals) = postSolution
		SolutionGuid = {A849E38F-E985-4DB0-9C3C-A5FCE0EF26AE}
	EndGlobalSection
EndGlobal
